
Microsoft Visual Studio Solution File, Format Version 12.00
# Visual Studio Version 17
VisualStudioVersion = 17.4.33103.184
MinimumVisualStudioVersion = 10.0.40219.1
Project("{9A19103F-16F7-4668-BE54-9A1E7A4F7556}") = "SChallenge", "SChallenge.csproj", "{FAF0DC33-A544-43E2-90EC-9AADAEE93EFF}"
EndProject
Global
	GlobalSection(SolutionConfigurationPlatforms) = preSolution
		Debug|Any CPU = Debug|Any CPU
		Release|Any CPU = Release|Any CPU
	EndGlobalSection
	GlobalSection(ProjectConfigurationPlatforms) = postSolution
		{FAF0DC33-A544-43E2-90EC-9AADAEE93EFF}.Debug|Any CPU.ActiveCfg = Debug|Any CPU
		{FAF0DC33-A544-43E2-90EC-9AADAEE93EFF}.Debug|Any CPU.Build.0 = Debug|Any CPU
		{FAF0DC33-A544-43E2-90EC-9AADAEE93EFF}.Release|Any CPU.ActiveCfg = Release|Any CPU
		{FAF0DC33-A544-43E2-90EC-9AADAEE93EFF}.Release|Any CPU.Build.0 = Release|Any CPU
	EndGlobalSection
	GlobalSection(SolutionProperties) = preSolution
		HideSolutionNode = FALSE
	EndGlobalSection
	GlobalSection(ExtensibilityGlobals) = postSolution
		SolutionGuid = {5A3A1AA1-41F7-417D-99C3-E9D8BDD39642}
	EndGlobalSection
EndGlobal
